// !$*UTF8*$!
{
	archiveVersion = 1;
	classes = {
	};
	objectVersion = 50;
	objects = {

/* Begin PBXBuildFile section */
		69BC2ACC26B5C3CE00499D7C /* AppDelegate.swift in Sources */ = {isa = PBXBuildFile; fileRef = 69BC2ACB26B5C3CE00499D7C /* AppDelegate.swift */; };
		69BC2ACE26B5C3CE00499D7C /* SceneDelegate.swift in Sources */ = {isa = PBXBuildFile; fileRef = 69BC2ACD26B5C3CE00499D7C /* SceneDelegate.swift */; };
		69BC2AD026B5C3CE00499D7C /* ViewController.swift in Sources */ = {isa = PBXBuildFile; fileRef = 69BC2ACF26B5C3CE00499D7C /* ViewController.swift */; };
		69BC2AD326B5C3CE00499D7C /* Main.storyboard in Resources */ = {isa = PBXBuildFile; fileRef = 69BC2AD126B5C3CE00499D7C /* Main.storyboard */; };
		69BC2AD526B5C3CF00499D7C /* Assets.xcassets in Resources */ = {isa = PBXBuildFile; fileRef = 69BC2AD426B5C3CF00499D7C /* Assets.xcassets */; };
		69BC2AD826B5C3CF00499D7C /* LaunchScreen.storyboard in Resources */ = {isa = PBXBuildFile; fileRef = 69BC2AD626B5C3CF00499D7C /* LaunchScreen.storyboard */; };
/* End PBXBuildFile section */

/* Begin PBXFileReference section */
		69BC2AC826B5C3CE00499D7C /* kamienMilowy4-6.app */ = {isa = PBXFileReference; explicitFileType = wrapper.application; includeInIndex = 0; path = "kamienMilowy4-6.app"; sourceTree = BUILT_PRODUCTS_DIR; };
		69BC2ACB26B5C3CE00499D7C /* AppDelegate.swift */ = {isa = PBXFileReference; lastKnownFileType = sourcecode.swift; path = AppDelegate.swift; sourceTree = "<group>"; };
		69BC2ACD26B5C3CE00499D7C /* SceneDelegate.swift */ = {isa = PBXFileReference; lastKnownFileType = sourcecode.swift; path = SceneDelegate.swift; sourceTree = "<group>"; };
		69BC2ACF26B5C3CE00499D7C /* ViewController.swift */ = {isa = PBXFileReference; lastKnownFileType = sourcecode.swift; path = ViewController.swift; sourceTree = "<group>"; };
		69BC2AD226B5C3CE00499D7C /* Base */ = {isa = PBXFileReference; lastKnownFileType = file.storyboard; name = Base; path = Base.lproj/Main.storyboard; sourceTree = "<group>"; };
		69BC2AD426B5C3CF00499D7C /* Assets.xcassets */ = {isa = PBXFileReference; lastKnownFileType = folder.assetcatalog; path = Assets.xcassets; sourceTree = "<group>"; };
		69BC2AD726B5C3CF00499D7C /* Base */ = {isa = PBXFileReference; lastKnownFileType = file.storyboard; name = Base; path = Base.lproj/LaunchScreen.storyboard; sourceTree = "<group>"; };
		69BC2AD926B5C3CF00499D7C /* Info.plist */ = {isa = PBXFileReference; lastKnownFileType = text.plist.xml; path = Info.plist; sourceTree = "<group>"; };
/* End PBXFileReference section */

/* Begin PBXFrameworksBuildPhase section */
		69BC2AC526B5C3CE00499D7C /* Frameworks */ = {
			isa = PBXFrameworksBuildPhase;
			buildActionMask = 2147483647;
			files = (
			);
			runOnlyForDeploymentPostprocessing = 0;
		};
/* End PBXFrameworksBuildPhase section */

/* Begin PBXGroup section */
		69BC2ABF26B5C3CE00499D7C = {
			isa = PBXGroup;
			children = (
				69BC2ACA26B5C3CE00499D7C /* kamienMilowy4-6 */,
				69BC2AC926B5C3CE00499D7C /* Products */,
			);
			sourceTree = "<group>";
		};
		69BC2AC926B5C3CE00499D7C /* Products */ = {
			isa = PBXGroup;
			children = (
				69BC2AC826B5C3CE00499D7C /* kamienMilowy4-6.app */,
			);
			name = Products;
			sourceTree = "<group>";
		};
		69BC2ACA26B5C3CE00499D7C /* kamienMilowy4-6 */ = {
			isa = PBXGroup;
			children = (
				69BC2ACB26B5C3CE00499D7C /* AppDelegate.swift */,
				69BC2ACD26B5C3CE00499D7C /* SceneDelegate.swift */,
				69BC2ACF26B5C3CE00499D7C /* ViewController.swift */,
				69BC2AD126B5C3CE00499D7C /* Main.storyboard */,
				69BC2AD426B5C3CF00499D7C /* Assets.xcassets */,
				69BC2AD626B5C3CF00499D7C /* LaunchScreen.storyboard */,
				69BC2AD926B5C3CF00499D7C /* Info.plist */,
			);
			path = "kamienMilowy4-6";
			sourceTree = "<group>";
		};
/* End PBXGroup section */

/* Begin PBXNativeTarget section */
		69BC2AC726B5C3CE00499D7C /* kamienMilowy4-6 */ = {
			isa = PBXNativeTarget;
			buildConfigurationList = 69BC2ADC26B5C3CF00499D7C /* Build configuration list for PBXNativeTarget "kamienMilowy4-6" */;
			buildPhases = (
				69BC2AC426B5C3CE00499D7C /* Sources */,
				69BC2AC526B5C3CE00499D7C /* Frameworks */,
				69BC2AC626B5C3CE00499D7C /* Resources */,
			);
			buildRules = (
			);
			dependencies = (
			);
			name = "kamienMilowy4-6";
			productName = "kamienMilowy4-6";
			productReference = 69BC2AC826B5C3CE00499D7C /* kamienMilowy4-6.app */;
			productType = "com.apple.product-type.application";
		};
/* End PBXNativeTarget section */

/* Begin PBXProject section */
		69BC2AC026B5C3CE00499D7C /* Project object */ = {
			isa = PBXProject;
			attributes = {
				LastSwiftUpdateCheck = 1250;
				LastUpgradeCheck = 1250;
				TargetAttributes = {
					69BC2AC726B5C3CE00499D7C = {
						CreatedOnToolsVersion = 12.5.1;
					};
				};
			};
			buildConfigurationList = 69BC2AC326B5C3CE00499D7C /* Build configuration list for PBXProject "kamienMilowy4-6" */;
			compatibilityVersion = "Xcode 9.3";
			developmentRegion = en;
			hasScannedForEncodings = 0;
			knownRegions = (
				en,
				Base,
			);
			mainGroup = 69BC2ABF26B5C3CE00499D7C;
			productRefGroup = 69BC2AC926B5C3CE00499D7C /* Products */;
			projectDirPath = "";
			projectRoot = "";
			targets = (
				69BC2AC726B5C3CE00499D7C /* kamienMilowy4-6 */,
			);
		};
/* End PBXProject section */

/* Begin PBXResourcesBuildPhase section */
		69BC2AC626B5C3CE00499D7C /* Resources */ = {
			isa = PBXResourcesBuildPhase;
			buildActionMask = 2147483647;
			files = (
				69BC2AD826B5C3CF00499D7C /* LaunchScreen.storyboard in Resources */,
				69BC2AD526B5C3CF00499D7C /* Assets.xcassets in Resources */,
				69BC2AD326B5C3CE00499D7C /* Main.storyboard in Resources */,
			);
			runOnlyForDeploymentPostprocessing = 0;
		};
/* End PBXResourcesBuildPhase section */

/* Begin PBXSourcesBuildPhase section */
		69BC2AC426B5C3CE00499D7C /* Sources */ = {
			isa = PBXSourcesBuildPhase;
			buildActionMask = 2147483647;
			files = (
				69BC2AD026B5C3CE00499D7C /* ViewController.swift in Sources */,
				69BC2ACC26B5C3CE00499D7C /* AppDelegate.swift in Sources */,
				69BC2ACE26B5C3CE00499D7C /* SceneDelegate.swift in Sources */,
			);
			runOnlyForDeploymentPostprocessing = 0;
		};
/* End PBXSourcesBuildPhase section */

/* Begin PBXVariantGroup section */
		69BC2AD126B5C3CE00499D7C /* Main.storyboard */ = {
			isa = PBXVariantGroup;
			children = (
				69BC2AD226B5C3CE00499D7C /* Base */,
			);
			name = Main.storyboard;
			sourceTree = "<group>";
		};
		69BC2AD626B5C3CF00499D7C /* LaunchScreen.storyboard */ = {
			isa = PBXVariantGroup;
			children = (
				69BC2AD726B5C3CF00499D7C /* Base */,
			);
			name = LaunchScreen.storyboard;
			sourceTree = "<group>";
		};
/* End PBXVariantGroup section */

/* Begin XCBuildConfiguration section */
		69BC2ADA26B5C3CF00499D7C /* Debug */ = {
			isa = XCBuildConfiguration;
			buildSettings = {
				ALWAYS_SEARCH_USER_PATHS = NO;
				CLANG_ANALYZER_NONNULL = YES;
				CLANG_ANALYZER_NUMBER_OBJECT_CONVERSION = YES_AGGRESSIVE;
				CLANG_CXX_LANGUAGE_STANDARD = "gnu++14";
				CLANG_CXX_LIBRARY = "libc++";
				CLANG_ENABLE_MODULES = YES;
				CLANG_ENABLE_OBJC_ARC = YES;
				CLANG_ENABLE_OBJC_WEAK = YES;
				CLANG_WARN_BLOCK_CAPTURE_AUTORELEASING = YES;
				CLANG_WARN_BOOL_CONVERSION = YES;
				CLANG_WARN_COMMA = YES;
				CLANG_WARN_CONSTANT_CONVERSION = YES;
				CLANG_WARN_DEPRECATED_OBJC_IMPLEMENTATIONS = YES;
				CLANG_WARN_DIRECT_OBJC_ISA_USAGE = YES_ERROR;
				CLANG_WARN_DOCUMENTATION_COMMENTS = YES;
				CLANG_WARN_EMPTY_BODY = YES;
				CLANG_WARN_ENUM_CONVERSION = YES;
				CLANG_WARN_INFINITE_RECURSION = YES;
				CLANG_WARN_INT_CONVERSION = YES;
				CLANG_WARN_NON_LITERAL_NULL_CONVERSION = YES;
				CLANG_WARN_OBJC_IMPLICIT_RETAIN_SELF = YES;
				CLANG_WARN_OBJC_LITERAL_CONVERSION = YES;
				CLANG_WARN_OBJC_ROOT_CLASS = YES_ERROR;
				CLANG_WARN_QUOTED_INCLUDE_IN_FRAMEWORK_HEADER = YES;
				CLANG_WARN_RANGE_LOOP_ANALYSIS = YES;
				CLANG_WARN_STRICT_PROTOTYPES = YES;
				CLANG_WARN_SUSPICIOUS_MOVE = YES;
				CLANG_WARN_UNGUARDED_AVAILABILITY = YES_AGGRESSIVE;
				CLANG_WARN_UNREACHABLE_CODE = YES;
				CLANG_WARN__DUPLICATE_METHOD_MATCH = YES;
				COPY_PHASE_STRIP = NO;
				DEBUG_INFORMATION_FORMAT = dwarf;
				ENABLE_STRICT_OBJC_MSGSEND = YES;
				ENABLE_TESTABILITY = YES;
				GCC_C_LANGUAGE_STANDARD = gnu11;
				GCC_DYNAMIC_NO_PIC = NO;
				GCC_NO_COMMON_BLOCKS = YES;
				GCC_OPTIMIZATION_LEVEL = 0;
				GCC_PREPROCESSOR_DEFINITIONS = (
					"DEBUG=1",
					"$(inherited)",
				);
				GCC_WARN_64_TO_32_BIT_CONVERSION = YES;
				GCC_WARN_ABOUT_RETURN_TYPE = YES_ERROR;
				GCC_WARN_UNDECLARED_SELECTOR = YES;
				GCC_WARN_UNINITIALIZED_AUTOS = YES_AGGRESSIVE;
				GCC_WARN_UNUSED_FUNCTION = YES;
				GCC_WARN_UNUSED_VARIABLE = YES;
				IPHONEOS_DEPLOYMENT_TARGET = 14.5;
				MTL_ENABLE_DEBUG_INFO = INCLUDE_SOURCE;
				MTL_FAST_MATH = YES;
				ONLY_ACTIVE_ARCH = YES;
				SDKROOT = iphoneos;
				SWIFT_ACTIVE_COMPILATION_CONDITIONS = DEBUG;
				SWIFT_OPTIMIZATION_LEVEL = "-Onone";
			};
			name = Debug;
		};
		69BC2ADB26B5C3CF00499D7C /* Release */ = {
			isa = XCBuildConfiguration;
			buildSettings = {
				ALWAYS_SEARCH_USER_PATHS = NO;
				CLANG_ANALYZER_NONNULL = YES;
				CLANG_ANALYZER_NUMBER_OBJECT_CONVERSION = YES_AGGRESSIVE;
				CLANG_CXX_LANGUAGE_STANDARD = "gnu++14";
				CLANG_CXX_LIBRARY = "libc++";
				CLANG_ENABLE_MODULES = YES;
				CLANG_ENABLE_OBJC_ARC = YES;
				CLANG_ENABLE_OBJC_WEAK = YES;
				CLANG_WARN_BLOCK_CAPTURE_AUTORELEASING = YES;
				CLANG_WARN_BOOL_CONVERSION = YES;
				CLANG_WARN_COMMA = YES;
				CLANG_WARN_CONSTANT_CONVERSION = YES;
				CLANG_WARN_DEPRECATED_OBJC_IMPLEMENTATIONS = YES;
				CLANG_WARN_DIRECT_OBJC_ISA_USAGE = YES_ERROR;
				CLANG_WARN_DOCUMENTATION_COMMENTS = YES;
				CLANG_WARN_EMPTY_BODY = YES;
				CLANG_WARN_ENUM_CONVERSION = YES;
				CLANG_WARN_INFINITE_RECURSION = YES;
				CLANG_WARN_INT_CONVERSION = YES;
				CLANG_WARN_NON_LITERAL_NULL_CONVERSION = YES;
				CLANG_WARN_OBJC_IMPLICIT_RETAIN_SELF = YES;
				CLANG_WARN_OBJC_LITERAL_CONVERSION = YES;
				CLANG_WARN_OBJC_ROOT_CLASS = YES_ERROR;
				CLANG_WARN_QUOTED_INCLUDE_IN_FRAMEWORK_HEADER = YES;
				CLANG_WARN_RANGE_LOOP_ANALYSIS = YES;
				CLANG_WARN_STRICT_PROTOTYPES = YES;
				CLANG_WARN_SUSPICIOUS_MOVE = YES;
				CLANG_WARN_UNGUARDED_AVAILABILITY = YES_AGGRESSIVE;
				CLANG_WARN_UNREACHABLE_CODE = YES;
				CLANG_WARN__DUPLICATE_METHOD_MATCH = YES;
				COPY_PHASE_STRIP = NO;
				DEBUG_INFORMATION_FORMAT = "dwarf-with-dsym";
				ENABLE_NS_ASSERTIONS = NO;
				ENABLE_STRICT_OBJC_MSGSEND = YES;
				GCC_C_LANGUAGE_STANDARD = gnu11;
				GCC_NO_COMMON_BLOCKS = YES;
				GCC_WARN_64_TO_32_BIT_CONVERSION = YES;
				GCC_WARN_ABOUT_RETURN_TYPE = YES_ERROR;
				GCC_WARN_UNDECLARED_SELECTOR = YES;
				GCC_WARN_UNINITIALIZED_AUTOS = YES_AGGRESSIVE;
				GCC_WARN_UNUSED_FUNCTION = YES;
				GCC_WARN_UNUSED_VARIABLE = YES;
				IPHONEOS_DEPLOYMENT_TARGET = 14.5;
				MTL_ENABLE_DEBUG_INFO = NO;
				MTL_FAST_MATH = YES;
				SDKROOT = iphoneos;
				SWIFT_COMPILATION_MODE = wholemodule;
				SWIFT_OPTIMIZATION_LEVEL = "-O";
				VALIDATE_PRODUCT = YES;
			};
			name = Release;
		};
		69BC2ADD26B5C3CF00499D7C /* Debug */ = {
			isa = XCBuildConfiguration;
			buildSettings = {
				ASSETCATALOG_COMPILER_APPICON_NAME = AppIcon;
				ASSETCATALOG_COMPILER_GLOBAL_ACCENT_COLOR_NAME = AccentColor;
				CODE_SIGN_STYLE = Automatic;
				DEVELOPMENT_TEAM = 8P435BTB29;
				INFOPLIST_FILE = "kamienMilowy4-6/Info.plist";
				LD_RUNPATH_SEARCH_PATHS = (
					"$(inherited)",
					"@executable_path/Frameworks",
				);
				PRODUCT_BUNDLE_IDENTIFIER = "cccsdhfgsatsdfhgmmm.kamienMilowy4-6";
				PRODUCT_NAME = "$(TARGET_NAME)";
				SWIFT_VERSION = 5.0;
				TARGETED_DEVICE_FAMILY = "1,2";
			};
			name = Debug;
		};
		69BC2ADE26B5C3CF00499D7C /* Release */ = {
			isa = XCBuildConfiguration;
			buildSettings = {
				ASSETCATALOG_COMPILER_APPICON_NAME = AppIcon;
				ASSETCATALOG_COMPILER_GLOBAL_ACCENT_COLOR_NAME = AccentColor;
				CODE_SIGN_STYLE = Automatic;
				DEVELOPMENT_TEAM = 8P435BTB29;
				INFOPLIST_FILE = "kamienMilowy4-6/Info.plist";
				LD_RUNPATH_SEARCH_PATHS = (
					"$(inherited)",
					"@executable_path/Frameworks",
				);
				PRODUCT_BUNDLE_IDENTIFIER = "cccsdhfgsatsdfhgmmm.kamienMilowy4-6";
				PRODUCT_NAME = "$(TARGET_NAME)";
				SWIFT_VERSION = 5.0;
				TARGETED_DEVICE_FAMILY = "1,2";
			};
			name = Release;
		};
/* End XCBuildConfiguration section */

/* Begin XCConfigurationList section */
		69BC2AC326B5C3CE00499D7C /* Build configuration list for PBXProject "kamienMilowy4-6" */ = {
			isa = XCConfigurationList;
			buildConfigurations = (
				69BC2ADA26B5C3CF00499D7C /* Debug */,
				69BC2ADB26B5C3CF00499D7C /* Release */,
			);
			defaultConfigurationIsVisible = 0;
			defaultConfigurationName = Release;
		};
		69BC2ADC26B5C3CF00499D7C /* Build configuration list for PBXNativeTarget "kamienMilowy4-6" */ = {
			isa = XCConfigurationList;
			buildConfigurations = (
				69BC2ADD26B5C3CF00499D7C /* Debug */,
				69BC2ADE26B5C3CF00499D7C /* Release */,
			);
			defaultConfigurationIsVisible = 0;
			defaultConfigurationName = Release;
		};
/* End XCConfigurationList section */
	};
	rootObject = 69BC2AC026B5C3CE00499D7C /* Project object */;
}
